
Microsoft Visual Studio Solution File, Format Version 12.00
# Visual Studio Version 17
VisualStudioVersion = 17.1.32210.238
MinimumVisualStudioVersion = 10.0.40219.1
Project("{FAE04EC0-301F-11D3-BF4B-00C04F79EFBC}") = "Mood_Analyzer", "Mood_Analyzer.csproj", "{9375AE36-DC25-4408-A5DA-929FE20239B6}"
EndProject
Project("{FAE04EC0-301F-11D3-BF4B-00C04F79EFBC}") = "Mood_Analyzer_Testing", "..\Mood_Analyzer_Testing\Mood_Analyzer_Testing.csproj", "{B5B15F30-120E-4CF8-B561-ECD01EF35B49}"
EndProject
Global
	GlobalSection(SolutionConfigurationPlatforms) = preSolution
		Debug|Any CPU = Debug|Any CPU
		Release|Any CPU = Release|Any CPU
	EndGlobalSection
	GlobalSection(ProjectConfigurationPlatforms) = postSolution
		{9375AE36-DC25-4408-A5DA-929FE20239B6}.Debug|Any CPU.ActiveCfg = Debug|Any CPU
		{9375AE36-DC25-4408-A5DA-929FE20239B6}.Debug|Any CPU.Build.0 = Debug|Any CPU
		{9375AE36-DC25-4408-A5DA-929FE20239B6}.Release|Any CPU.ActiveCfg = Release|Any CPU
		{9375AE36-DC25-4408-A5DA-929FE20239B6}.Release|Any CPU.Build.0 = Release|Any CPU
		{B5B15F30-120E-4CF8-B561-ECD01EF35B49}.Debug|Any CPU.ActiveCfg = Debug|Any CPU
		{B5B15F30-120E-4CF8-B561-ECD01EF35B49}.Debug|Any CPU.Build.0 = Debug|Any CPU
		{B5B15F30-120E-4CF8-B561-ECD01EF35B49}.Release|Any CPU.ActiveCfg = Release|Any CPU
		{B5B15F30-120E-4CF8-B561-ECD01EF35B49}.Release|Any CPU.Build.0 = Release|Any CPU
	EndGlobalSection
	GlobalSection(SolutionProperties) = preSolution
		HideSolutionNode = FALSE
	EndGlobalSection
	GlobalSection(ExtensibilityGlobals) = postSolution
		SolutionGuid = {90D2D97E-DD4B-42C4-861D-8D165E4AA8A9}
	EndGlobalSection
EndGlobal
